
Microsoft Visual Studio Solution File, Format Version 12.00
# Visual Studio Version 16
VisualStudioVersion = 16.0.31005.135
MinimumVisualStudioVersion = 10.0.40219.1
Project("{9A19103F-16F7-4668-BE54-9A1E7A4F7556}") = "Lab1", "Lab1\Lab1.csproj", "{12867C19-1CD7-4A7E-980B-5372CA7507BE}"
EndProject
Project("{9A19103F-16F7-4668-BE54-9A1E7A4F7556}") = "Lab4", "Lab4\Lab4.csproj", "{11DC1245-F80D-485E-A547-3AA0776B3F39}"
EndProject
Project("{9A19103F-16F7-4668-BE54-9A1E7A4F7556}") = "Lab3", "Lab3\Lab3.csproj", "{9BA8B017-9D13-4D43-8BC2-6E44BADAC3BD}"
EndProject
Project("{FAE04EC0-301F-11D3-BF4B-00C04F79EFBC}") = "Lab3 UnitTests", "Lab3 UnitTests\Lab3 UnitTests.csproj", "{07F8F51A-AE44-47CF-B107-AEF033C03C2B}"
EndProject
Project("{FAE04EC0-301F-11D3-BF4B-00C04F79EFBC}") = "Lab2", "Lab2\Lab2.csproj", "{3D336008-61F5-469C-9AF4-80E758B816D7}"
EndProject
Global
	GlobalSection(SolutionConfigurationPlatforms) = preSolution
		Debug|Any CPU = Debug|Any CPU
		Release|Any CPU = Release|Any CPU
	EndGlobalSection
	GlobalSection(ProjectConfigurationPlatforms) = postSolution
		{12867C19-1CD7-4A7E-980B-5372CA7507BE}.Debug|Any CPU.ActiveCfg = Debug|Any CPU
		{12867C19-1CD7-4A7E-980B-5372CA7507BE}.Debug|Any CPU.Build.0 = Debug|Any CPU
		{12867C19-1CD7-4A7E-980B-5372CA7507BE}.Release|Any CPU.ActiveCfg = Release|Any CPU
		{12867C19-1CD7-4A7E-980B-5372CA7507BE}.Release|Any CPU.Build.0 = Release|Any CPU
		{11DC1245-F80D-485E-A547-3AA0776B3F39}.Debug|Any CPU.ActiveCfg = Debug|Any CPU
		{11DC1245-F80D-485E-A547-3AA0776B3F39}.Debug|Any CPU.Build.0 = Debug|Any CPU
		{11DC1245-F80D-485E-A547-3AA0776B3F39}.Release|Any CPU.ActiveCfg = Release|Any CPU
		{11DC1245-F80D-485E-A547-3AA0776B3F39}.Release|Any CPU.Build.0 = Release|Any CPU
		{9BA8B017-9D13-4D43-8BC2-6E44BADAC3BD}.Debug|Any CPU.ActiveCfg = Debug|Any CPU
		{9BA8B017-9D13-4D43-8BC2-6E44BADAC3BD}.Debug|Any CPU.Build.0 = Debug|Any CPU
		{9BA8B017-9D13-4D43-8BC2-6E44BADAC3BD}.Release|Any CPU.ActiveCfg = Release|Any CPU
		{9BA8B017-9D13-4D43-8BC2-6E44BADAC3BD}.Release|Any CPU.Build.0 = Release|Any CPU
		{07F8F51A-AE44-47CF-B107-AEF033C03C2B}.Debug|Any CPU.ActiveCfg = Debug|Any CPU
		{07F8F51A-AE44-47CF-B107-AEF033C03C2B}.Debug|Any CPU.Build.0 = Debug|Any CPU
		{07F8F51A-AE44-47CF-B107-AEF033C03C2B}.Release|Any CPU.ActiveCfg = Release|Any CPU
		{07F8F51A-AE44-47CF-B107-AEF033C03C2B}.Release|Any CPU.Build.0 = Release|Any CPU
		{3D336008-61F5-469C-9AF4-80E758B816D7}.Debug|Any CPU.ActiveCfg = Debug|Any CPU
		{3D336008-61F5-469C-9AF4-80E758B816D7}.Debug|Any CPU.Build.0 = Debug|Any CPU
		{3D336008-61F5-469C-9AF4-80E758B816D7}.Release|Any CPU.ActiveCfg = Release|Any CPU
		{3D336008-61F5-469C-9AF4-80E758B816D7}.Release|Any CPU.Build.0 = Release|Any CPU
	EndGlobalSection
	GlobalSection(SolutionProperties) = preSolution
		HideSolutionNode = FALSE
	EndGlobalSection
	GlobalSection(ExtensibilityGlobals) = postSolution
		SolutionGuid = {80B68DF4-2FC1-4B7A-80C8-23BA5ACA3049}
	EndGlobalSection
EndGlobal
